{
  "version": 4,
  "terraform_version": "1.3.5",
  "serial": 4,
  "lineage": "d83fb12c-7a58-f4cf-47e0-372c9381292c",
  "outputs": {
    "external_ip_address_vm_1": {
      "value": "158.160.35.77",
      "type": "string"
    },
    "internal_ip_address_vm_1": {
      "value": "192.168.10.4",
      "type": "string"
    }
  },
  "resources": [
    {
      "mode": "managed",
      "type": "yandex_compute_instance",
      "name": "vm-1",
      "provider": "provider[\"registry.terraform.io/yandex-cloud/yandex\"]",
      "instances": [
        {
          "schema_version": 1,
          "attributes": {
            "allow_recreate": null,
            "allow_stopping_for_update": null,
            "boot_disk": [
              {
                "auto_delete": true,
                "device_name": "ubunta",
                "disk_id": "fhmu6130dj9nc5o07bkq",
                "initialize_params": [
                  {
                    "block_size": 4096,
                    "description": "",
                    "image_id": "fd8iajirduaku7taq42a",
                    "name": "",
                    "size": 15,
                    "snapshot_id": "",
                    "type": "network-hdd"
                  }
                ],
                "mode": "READ_WRITE"
              }
            ],
            "created_at": "2022-12-01T12:57:13Z",
            "description": "",
            "folder_id": "b1gqet1vvht76ltlvbgf",
            "fqdn": "fhmmhn5f4p23b8tsk1k2.auto.internal",
            "hostname": "",
            "id": "fhmmhn5f4p23b8tsk1k2",
            "labels": null,
            "local_disk": [],
            "metadata": {
              "user-data": "#cloud-config\r\nusers:\r\n  - name: uTakCouDeT\r\n    groups: sudo\r\n    shell: /bin/bash\r\n    sudo: ['ALL=(ALL) NOPASSWD:ALL']\r\n    ssh_authorized_keys:\r\n      - ssh-rsa AAAAB3NzaC1yc2EAAAADAQABAAABAQDkMvOI9RujL9PSbNk3rsUP2L3ogcs6ZcFsgk/UhI/NMJtVnN6VOiqvYKIVsSu0TuU7wU/LYbvrMUnH9QM3cxHAlrwXaxQ2k+3v6Z8bGWu4dV4YLVRdRs/B/IcrwRZwIjEuU77m6yZenmFinvW1vk3kG5FdH/zJVQfZjsWXtEwX6lPrVWbAJTovs3ppfDUZ1igFbIjqWxcOVjHnyhWFFpNCiqhUEaC3AUWBIvGPaAadq4Y4tuCjXb5042rrT9DxWDY51eBEkM3yXr+WnVUaq1wy3OxVYlDPvQFkaFwV2TiJgkandZi6d1tQE+aKNB07Kb9gTbYuIhIt0TE4HmkOrDrf user@WIN-PS21LKFE8J4\r\n"
            },
            "name": "terraform",
            "network_acceleration_type": "standard",
            "network_interface": [
              {
                "dns_record": [],
                "index": 0,
                "ip_address": "192.168.10.4",
                "ipv4": true,
                "ipv6": false,
                "ipv6_address": "",
                "ipv6_dns_record": [],
                "mac_address": "d0:0d:16:8d:ca:f2",
                "nat": true,
                "nat_dns_record": [],
                "nat_ip_address": "158.160.35.77",
                "nat_ip_version": "IPV4",
                "security_group_ids": [],
                "subnet_id": "e9b1bkr5am36466b0ilo"
              }
            ],
            "placement_policy": [
              {
                "host_affinity_rules": [],
                "placement_group_id": ""
              }
            ],
            "platform_id": "standard-v1",
            "resources": [
              {
                "core_fraction": 20,
                "cores": 2,
                "gpus": 0,
                "memory": 2
              }
            ],
            "scheduling_policy": [
              {
                "preemptible": false
              }
            ],
            "secondary_disk": [],
            "service_account_id": "ajecupuvdpp99gv58j84",
            "status": "running",
            "timeouts": null,
            "zone": "ru-central1-a"
          },
          "sensitive_attributes": [],
          "private": "eyJlMmJmYjczMC1lY2FhLTExZTYtOGY4OC0zNDM2M2JjN2M0YzAiOnsiY3JlYXRlIjozMDAwMDAwMDAwMDAsImRlbGV0ZSI6MzAwMDAwMDAwMDAwLCJ1cGRhdGUiOjMwMDAwMDAwMDAwMH0sInNjaGVtYV92ZXJzaW9uIjoiMSJ9",
          "dependencies": [
            "yandex_vpc_network.network",
            "yandex_vpc_subnet.subnet"
          ]
        }
      ]
    },
    {
      "mode": "managed",
      "type": "yandex_vpc_network",
      "name": "network",
      "provider": "provider[\"registry.terraform.io/yandex-cloud/yandex\"]",
      "instances": [
        {
          "schema_version": 0,
          "attributes": {
            "created_at": "2022-12-01T12:57:11Z",
            "default_security_group_id": "",
            "description": "",
            "folder_id": "b1gqet1vvht76ltlvbgf",
            "id": "enpch8mgjmlffvjtjr8b",
            "labels": {},
            "name": "network",
            "subnet_ids": [],
            "timeouts": null
          },
          "sensitive_attributes": [],
          "private": "eyJlMmJmYjczMC1lY2FhLTExZTYtOGY4OC0zNDM2M2JjN2M0YzAiOnsiY3JlYXRlIjo2MDAwMDAwMDAwMCwiZGVsZXRlIjo2MDAwMDAwMDAwMCwidXBkYXRlIjo2MDAwMDAwMDAwMH19"
        }
      ]
    },
    {
      "mode": "managed",
      "type": "yandex_vpc_subnet",
      "name": "subnet",
      "provider": "provider[\"registry.terraform.io/yandex-cloud/yandex\"]",
      "instances": [
        {
          "schema_version": 0,
          "attributes": {
            "created_at": "2022-12-01T12:57:12Z",
            "description": "",
            "dhcp_options": [],
            "folder_id": "b1gqet1vvht76ltlvbgf",
            "id": "e9b1bkr5am36466b0ilo",
            "labels": {},
            "name": "subnet1",
            "network_id": "enpch8mgjmlffvjtjr8b",
            "route_table_id": "",
            "timeouts": null,
            "v4_cidr_blocks": [
              "192.168.10.0/24"
            ],
            "v6_cidr_blocks": [],
            "zone": "ru-central1-a"
          },
          "sensitive_attributes": [],
          "private": "eyJlMmJmYjczMC1lY2FhLTExZTYtOGY4OC0zNDM2M2JjN2M0YzAiOnsiY3JlYXRlIjoxODAwMDAwMDAwMDAsImRlbGV0ZSI6MTgwMDAwMDAwMDAwLCJ1cGRhdGUiOjE4MDAwMDAwMDAwMH19",
          "dependencies": [
            "yandex_vpc_network.network"
          ]
        }
      ]
    }
  ],
  "check_results": null
}
